// !$*UTF8*$!
{
	archiveVersion = 1;
	classes = {
	};
	objectVersion = 56;
	objects = {

/* Begin PBXBuildFile section */
		C72BF4262A0B5D080039F73E /* Launch Screen.storyboard in Resources */ = {isa = PBXBuildFile; fileRef = C72BF4252A0B5D080039F73E /* Launch Screen.storyboard */; };
		C78C03AE2A0536D300ABECA0 /* MyPlateApp.swift in Sources */ = {isa = PBXBuildFile; fileRef = C78C03AD2A0536D300ABECA0 /* MyPlateApp.swift */; };
		C78C03B02A0536D300ABECA0 /* HomeView.swift in Sources */ = {isa = PBXBuildFile; fileRef = C78C03AF2A0536D300ABECA0 /* HomeView.swift */; };
		C78C03B22A0536D600ABECA0 /* Assets.xcassets in Resources */ = {isa = PBXBuildFile; fileRef = C78C03B12A0536D600ABECA0 /* Assets.xcassets */; };
		C78C03B52A0536D600ABECA0 /* Preview Assets.xcassets in Resources */ = {isa = PBXBuildFile; fileRef = C78C03B42A0536D600ABECA0 /* Preview Assets.xcassets */; };
		C78C03C12A05395000ABECA0 /* Colors.swift in Sources */ = {isa = PBXBuildFile; fileRef = C78C03C02A05395000ABECA0 /* Colors.swift */; };
		C78C03C32A0539CD00ABECA0 /* Product.swift in Sources */ = {isa = PBXBuildFile; fileRef = C78C03C22A0539CD00ABECA0 /* Product.swift */; };
		C78C03C52A05683600ABECA0 /* ProductsViewModel.swift in Sources */ = {isa = PBXBuildFile; fileRef = C78C03C42A05683600ABECA0 /* ProductsViewModel.swift */; };
		C78C03C72A056A7E00ABECA0 /* products.json in Resources */ = {isa = PBXBuildFile; fileRef = C78C03C62A056A7E00ABECA0 /* products.json */; };
		C78C03C92A056D1200ABECA0 /* CartViewModel.swift in Sources */ = {isa = PBXBuildFile; fileRef = C78C03C82A056D1200ABECA0 /* CartViewModel.swift */; };
		C78C03CB2A05735800ABECA0 /* ProductListItemView.swift in Sources */ = {isa = PBXBuildFile; fileRef = C78C03CA2A05735800ABECA0 /* ProductListItemView.swift */; };
		C7D54C2F2A062EF500D0F73B /* CategorySelectionView.swift in Sources */ = {isa = PBXBuildFile; fileRef = C7D54C2E2A062EF500D0F73B /* CategorySelectionView.swift */; };
		C7D54C312A06380100D0F73B /* ProductListView.swift in Sources */ = {isa = PBXBuildFile; fileRef = C7D54C302A06380100D0F73B /* ProductListView.swift */; };
		C7D54C332A06BCE900D0F73B /* CartView.swift in Sources */ = {isa = PBXBuildFile; fileRef = C7D54C322A06BCE900D0F73B /* CartView.swift */; };
		C7D54C352A07307D00D0F73B /* CartListItemView.swift in Sources */ = {isa = PBXBuildFile; fileRef = C7D54C342A07307D00D0F73B /* CartListItemView.swift */; };
		C7D54C372A0736CD00D0F73B /* CartListView.swift in Sources */ = {isa = PBXBuildFile; fileRef = C7D54C362A0736CC00D0F73B /* CartListView.swift */; };
		C7D54C392A0751F100D0F73B /* OrderView.swift in Sources */ = {isa = PBXBuildFile; fileRef = C7D54C382A0751F100D0F73B /* OrderView.swift */; };
/* End PBXBuildFile section */

/* Begin PBXFileReference section */
		C72BF4252A0B5D080039F73E /* Launch Screen.storyboard */ = {isa = PBXFileReference; lastKnownFileType = file.storyboard; path = "Launch Screen.storyboard"; sourceTree = "<group>"; };
		C78C03AA2A0536D300ABECA0 /* MyPlate.app */ = {isa = PBXFileReference; explicitFileType = wrapper.application; includeInIndex = 0; path = MyPlate.app; sourceTree = BUILT_PRODUCTS_DIR; };
		C78C03AD2A0536D300ABECA0 /* MyPlateApp.swift */ = {isa = PBXFileReference; lastKnownFileType = sourcecode.swift; path = MyPlateApp.swift; sourceTree = "<group>"; };
		C78C03AF2A0536D300ABECA0 /* HomeView.swift */ = {isa = PBXFileReference; lastKnownFileType = sourcecode.swift; path = HomeView.swift; sourceTree = "<group>"; };
		C78C03B12A0536D600ABECA0 /* Assets.xcassets */ = {isa = PBXFileReference; lastKnownFileType = folder.assetcatalog; path = Assets.xcassets; sourceTree = "<group>"; };
		C78C03B42A0536D600ABECA0 /* Preview Assets.xcassets */ = {isa = PBXFileReference; lastKnownFileType = folder.assetcatalog; path = "Preview Assets.xcassets"; sourceTree = "<group>"; };
		C78C03C02A05395000ABECA0 /* Colors.swift */ = {isa = PBXFileReference; lastKnownFileType = sourcecode.swift; path = Colors.swift; sourceTree = "<group>"; };
		C78C03C22A0539CD00ABECA0 /* Product.swift */ = {isa = PBXFileReference; lastKnownFileType = sourcecode.swift; path = Product.swift; sourceTree = "<group>"; };
		C78C03C42A05683600ABECA0 /* ProductsViewModel.swift */ = {isa = PBXFileReference; lastKnownFileType = sourcecode.swift; path = ProductsViewModel.swift; sourceTree = "<group>"; };
		C78C03C62A056A7E00ABECA0 /* products.json */ = {isa = PBXFileReference; fileEncoding = 4; lastKnownFileType = text.json; path = products.json; sourceTree = "<group>"; };
		C78C03C82A056D1200ABECA0 /* CartViewModel.swift */ = {isa = PBXFileReference; lastKnownFileType = sourcecode.swift; path = CartViewModel.swift; sourceTree = "<group>"; };
		C78C03CA2A05735800ABECA0 /* ProductListItemView.swift */ = {isa = PBXFileReference; lastKnownFileType = sourcecode.swift; path = ProductListItemView.swift; sourceTree = "<group>"; };
		C7D54C2E2A062EF500D0F73B /* CategorySelectionView.swift */ = {isa = PBXFileReference; lastKnownFileType = sourcecode.swift; path = CategorySelectionView.swift; sourceTree = "<group>"; };
		C7D54C302A06380100D0F73B /* ProductListView.swift */ = {isa = PBXFileReference; lastKnownFileType = sourcecode.swift; path = ProductListView.swift; sourceTree = "<group>"; };
		C7D54C322A06BCE900D0F73B /* CartView.swift */ = {isa = PBXFileReference; lastKnownFileType = sourcecode.swift; path = CartView.swift; sourceTree = "<group>"; };
		C7D54C342A07307D00D0F73B /* CartListItemView.swift */ = {isa = PBXFileReference; lastKnownFileType = sourcecode.swift; path = CartListItemView.swift; sourceTree = "<group>"; };
		C7D54C362A0736CC00D0F73B /* CartListView.swift */ = {isa = PBXFileReference; lastKnownFileType = sourcecode.swift; path = CartListView.swift; sourceTree = "<group>"; };
		C7D54C382A0751F100D0F73B /* OrderView.swift */ = {isa = PBXFileReference; lastKnownFileType = sourcecode.swift; path = OrderView.swift; sourceTree = "<group>"; };
/* End PBXFileReference section */

/* Begin PBXFrameworksBuildPhase section */
		C78C03A72A0536D300ABECA0 /* Frameworks */ = {
			isa = PBXFrameworksBuildPhase;
			buildActionMask = 2147483647;
			files = (
			);
			runOnlyForDeploymentPostprocessing = 0;
		};
/* End PBXFrameworksBuildPhase section */

/* Begin PBXGroup section */
		C78C03A12A0536D300ABECA0 = {
			isa = PBXGroup;
			children = (
				C78C03AC2A0536D300ABECA0 /* MyPlate */,
				C78C03AB2A0536D300ABECA0 /* Products */,
			);
			sourceTree = "<group>";
		};
		C78C03AB2A0536D300ABECA0 /* Products */ = {
			isa = PBXGroup;
			children = (
				C78C03AA2A0536D300ABECA0 /* MyPlate.app */,
			);
			name = Products;
			sourceTree = "<group>";
		};
		C78C03AC2A0536D300ABECA0 /* MyPlate */ = {
			isa = PBXGroup;
			children = (
				C78C03BF2A05394200ABECA0 /* Extensions */,
				C78C03BE2A05393B00ABECA0 /* ViewModel */,
				C78C03BD2A05393400ABECA0 /* View */,
				C78C03BC2A05392700ABECA0 /* Model */,
				C78C03AD2A0536D300ABECA0 /* MyPlateApp.swift */,
				C78C03AF2A0536D300ABECA0 /* HomeView.swift */,
				C78C03C62A056A7E00ABECA0 /* products.json */,
				C78C03B12A0536D600ABECA0 /* Assets.xcassets */,
				C78C03B32A0536D600ABECA0 /* Preview Content */,
			);
			path = MyPlate;
			sourceTree = "<group>";
		};
		C78C03B32A0536D600ABECA0 /* Preview Content */ = {
			isa = PBXGroup;
			children = (
				C78C03B42A0536D600ABECA0 /* Preview Assets.xcassets */,
			);
			path = "Preview Content";
			sourceTree = "<group>";
		};
		C78C03BC2A05392700ABECA0 /* Model */ = {
			isa = PBXGroup;
			children = (
				C78C03C22A0539CD00ABECA0 /* Product.swift */,
			);
			path = Model;
			sourceTree = "<group>";
		};
		C78C03BD2A05393400ABECA0 /* View */ = {
			isa = PBXGroup;
			children = (
				C78C03CA2A05735800ABECA0 /* ProductListItemView.swift */,
				C7D54C2E2A062EF500D0F73B /* CategorySelectionView.swift */,
				C7D54C302A06380100D0F73B /* ProductListView.swift */,
				C7D54C322A06BCE900D0F73B /* CartView.swift */,
				C7D54C342A07307D00D0F73B /* CartListItemView.swift */,
				C7D54C362A0736CC00D0F73B /* CartListView.swift */,
				C7D54C382A0751F100D0F73B /* OrderView.swift */,
				C72BF4252A0B5D080039F73E /* Launch Screen.storyboard */,
			);
			path = View;
			sourceTree = "<group>";
		};
		C78C03BE2A05393B00ABECA0 /* ViewModel */ = {
			isa = PBXGroup;
			children = (
				C78C03C42A05683600ABECA0 /* ProductsViewModel.swift */,
				C78C03C82A056D1200ABECA0 /* CartViewModel.swift */,
			);
			path = ViewModel;
			sourceTree = "<group>";
		};
		C78C03BF2A05394200ABECA0 /* Extensions */ = {
			isa = PBXGroup;
			children = (
				C78C03C02A05395000ABECA0 /* Colors.swift */,
			);
			path = Extensions;
			sourceTree = "<group>";
		};
/* End PBXGroup section */

/* Begin PBXNativeTarget section */
		C78C03A92A0536D300ABECA0 /* MyPlate */ = {
			isa = PBXNativeTarget;
			buildConfigurationList = C78C03B82A0536D600ABECA0 /* Build configuration list for PBXNativeTarget "MyPlate" */;
			buildPhases = (
				C78C03A62A0536D300ABECA0 /* Sources */,
				C78C03A72A0536D300ABECA0 /* Frameworks */,
				C78C03A82A0536D300ABECA0 /* Resources */,
			);
			buildRules = (
			);
			dependencies = (
			);
			name = MyPlate;
			productName = MyPlate;
			productReference = C78C03AA2A0536D300ABECA0 /* MyPlate.app */;
			productType = "com.apple.product-type.application";
		};
/* End PBXNativeTarget section */

/* Begin PBXProject section */
		C78C03A22A0536D300ABECA0 /* Project object */ = {
			isa = PBXProject;
			attributes = {
				BuildIndependentTargetsInParallel = 1;
				LastSwiftUpdateCheck = 1430;
				LastUpgradeCheck = 1430;
				TargetAttributes = {
					C78C03A92A0536D300ABECA0 = {
						CreatedOnToolsVersion = 14.3;
					};
				};
			};
			buildConfigurationList = C78C03A52A0536D300ABECA0 /* Build configuration list for PBXProject "MyPlate" */;
			compatibilityVersion = "Xcode 14.0";
			developmentRegion = en;
			hasScannedForEncodings = 0;
			knownRegions = (
				en,
				Base,
			);
			mainGroup = C78C03A12A0536D300ABECA0;
			productRefGroup = C78C03AB2A0536D300ABECA0 /* Products */;
			projectDirPath = "";
			projectRoot = "";
			targets = (
				C78C03A92A0536D300ABECA0 /* MyPlate */,
			);
		};
/* End PBXProject section */

/* Begin PBXResourcesBuildPhase section */
		C78C03A82A0536D300ABECA0 /* Resources */ = {
			isa = PBXResourcesBuildPhase;
			buildActionMask = 2147483647;
			files = (
				C78C03C72A056A7E00ABECA0 /* products.json in Resources */,
				C78C03B52A0536D600ABECA0 /* Preview Assets.xcassets in Resources */,
				C72BF4262A0B5D080039F73E /* Launch Screen.storyboard in Resources */,
				C78C03B22A0536D600ABECA0 /* Assets.xcassets in Resources */,
			);
			runOnlyForDeploymentPostprocessing = 0;
		};
/* End PBXResourcesBuildPhase section */

/* Begin PBXSourcesBuildPhase section */
		C78C03A62A0536D300ABECA0 /* Sources */ = {
			isa = PBXSourcesBuildPhase;
			buildActionMask = 2147483647;
			files = (
				C7D54C332A06BCE900D0F73B /* CartView.swift in Sources */,
				C7D54C392A0751F100D0F73B /* OrderView.swift in Sources */,
				C78C03C92A056D1200ABECA0 /* CartViewModel.swift in Sources */,
				C7D54C372A0736CD00D0F73B /* CartListView.swift in Sources */,
				C78C03B02A0536D300ABECA0 /* HomeView.swift in Sources */,
				C78C03C32A0539CD00ABECA0 /* Product.swift in Sources */,
				C78C03C12A05395000ABECA0 /* Colors.swift in Sources */,
				C78C03CB2A05735800ABECA0 /* ProductListItemView.swift in Sources */,
				C78C03C52A05683600ABECA0 /* ProductsViewModel.swift in Sources */,
				C7D54C312A06380100D0F73B /* ProductListView.swift in Sources */,
				C78C03AE2A0536D300ABECA0 /* MyPlateApp.swift in Sources */,
				C7D54C352A07307D00D0F73B /* CartListItemView.swift in Sources */,
				C7D54C2F2A062EF500D0F73B /* CategorySelectionView.swift in Sources */,
			);
			runOnlyForDeploymentPostprocessing = 0;
		};
/* End PBXSourcesBuildPhase section */

/* Begin XCBuildConfiguration section */
		C78C03B62A0536D600ABECA0 /* Debug */ = {
			isa = XCBuildConfiguration;
			buildSettings = {
				ALWAYS_SEARCH_USER_PATHS = NO;
				CLANG_ANALYZER_NONNULL = YES;
				CLANG_ANALYZER_NUMBER_OBJECT_CONVERSION = YES_AGGRESSIVE;
				CLANG_CXX_LANGUAGE_STANDARD = "gnu++20";
				CLANG_ENABLE_MODULES = YES;
				CLANG_ENABLE_OBJC_ARC = YES;
				CLANG_ENABLE_OBJC_WEAK = YES;
				CLANG_WARN_BLOCK_CAPTURE_AUTORELEASING = YES;
				CLANG_WARN_BOOL_CONVERSION = YES;
				CLANG_WARN_COMMA = YES;
				CLANG_WARN_CONSTANT_CONVERSION = YES;
				CLANG_WARN_DEPRECATED_OBJC_IMPLEMENTATIONS = YES;
				CLANG_WARN_DIRECT_OBJC_ISA_USAGE = YES_ERROR;
				CLANG_WARN_DOCUMENTATION_COMMENTS = YES;
				CLANG_WARN_EMPTY_BODY = YES;
				CLANG_WARN_ENUM_CONVERSION = YES;
				CLANG_WARN_INFINITE_RECURSION = YES;
				CLANG_WARN_INT_CONVERSION = YES;
				CLANG_WARN_NON_LITERAL_NULL_CONVERSION = YES;
				CLANG_WARN_OBJC_IMPLICIT_RETAIN_SELF = YES;
				CLANG_WARN_OBJC_LITERAL_CONVERSION = YES;
				CLANG_WARN_OBJC_ROOT_CLASS = YES_ERROR;
				CLANG_WARN_QUOTED_INCLUDE_IN_FRAMEWORK_HEADER = YES;
				CLANG_WARN_RANGE_LOOP_ANALYSIS = YES;
				CLANG_WARN_STRICT_PROTOTYPES = YES;
				CLANG_WARN_SUSPICIOUS_MOVE = YES;
				CLANG_WARN_UNGUARDED_AVAILABILITY = YES_AGGRESSIVE;
				CLANG_WARN_UNREACHABLE_CODE = YES;
				CLANG_WARN__DUPLICATE_METHOD_MATCH = YES;
				COPY_PHASE_STRIP = NO;
				DEBUG_INFORMATION_FORMAT = dwarf;
				ENABLE_STRICT_OBJC_MSGSEND = YES;
				ENABLE_TESTABILITY = YES;
				GCC_C_LANGUAGE_STANDARD = gnu11;
				GCC_DYNAMIC_NO_PIC = NO;
				GCC_NO_COMMON_BLOCKS = YES;
				GCC_OPTIMIZATION_LEVEL = 0;
				GCC_PREPROCESSOR_DEFINITIONS = (
					"DEBUG=1",
					"$(inherited)",
				);
				GCC_WARN_64_TO_32_BIT_CONVERSION = YES;
				GCC_WARN_ABOUT_RETURN_TYPE = YES_ERROR;
				GCC_WARN_UNDECLARED_SELECTOR = YES;
				GCC_WARN_UNINITIALIZED_AUTOS = YES_AGGRESSIVE;
				GCC_WARN_UNUSED_FUNCTION = YES;
				GCC_WARN_UNUSED_VARIABLE = YES;
				IPHONEOS_DEPLOYMENT_TARGET = 16.4;
				MTL_ENABLE_DEBUG_INFO = INCLUDE_SOURCE;
				MTL_FAST_MATH = YES;
				ONLY_ACTIVE_ARCH = YES;
				SDKROOT = iphoneos;
				SWIFT_ACTIVE_COMPILATION_CONDITIONS = DEBUG;
				SWIFT_OPTIMIZATION_LEVEL = "-Onone";
			};
			name = Debug;
		};
		C78C03B72A0536D600ABECA0 /* Release */ = {
			isa = XCBuildConfiguration;
			buildSettings = {
				ALWAYS_SEARCH_USER_PATHS = NO;
				CLANG_ANALYZER_NONNULL = YES;
				CLANG_ANALYZER_NUMBER_OBJECT_CONVERSION = YES_AGGRESSIVE;
				CLANG_CXX_LANGUAGE_STANDARD = "gnu++20";
				CLANG_ENABLE_MODULES = YES;
				CLANG_ENABLE_OBJC_ARC = YES;
				CLANG_ENABLE_OBJC_WEAK = YES;
				CLANG_WARN_BLOCK_CAPTURE_AUTORELEASING = YES;
				CLANG_WARN_BOOL_CONVERSION = YES;
				CLANG_WARN_COMMA = YES;
				CLANG_WARN_CONSTANT_CONVERSION = YES;
				CLANG_WARN_DEPRECATED_OBJC_IMPLEMENTATIONS = YES;
				CLANG_WARN_DIRECT_OBJC_ISA_USAGE = YES_ERROR;
				CLANG_WARN_DOCUMENTATION_COMMENTS = YES;
				CLANG_WARN_EMPTY_BODY = YES;
				CLANG_WARN_ENUM_CONVERSION = YES;
				CLANG_WARN_INFINITE_RECURSION = YES;
				CLANG_WARN_INT_CONVERSION = YES;
				CLANG_WARN_NON_LITERAL_NULL_CONVERSION = YES;
				CLANG_WARN_OBJC_IMPLICIT_RETAIN_SELF = YES;
				CLANG_WARN_OBJC_LITERAL_CONVERSION = YES;
				CLANG_WARN_OBJC_ROOT_CLASS = YES_ERROR;
				CLANG_WARN_QUOTED_INCLUDE_IN_FRAMEWORK_HEADER = YES;
				CLANG_WARN_RANGE_LOOP_ANALYSIS = YES;
				CLANG_WARN_STRICT_PROTOTYPES = YES;
				CLANG_WARN_SUSPICIOUS_MOVE = YES;
				CLANG_WARN_UNGUARDED_AVAILABILITY = YES_AGGRESSIVE;
				CLANG_WARN_UNREACHABLE_CODE = YES;
				CLANG_WARN__DUPLICATE_METHOD_MATCH = YES;
				COPY_PHASE_STRIP = NO;
				DEBUG_INFORMATION_FORMAT = "dwarf-with-dsym";
				ENABLE_NS_ASSERTIONS = NO;
				ENABLE_STRICT_OBJC_MSGSEND = YES;
				GCC_C_LANGUAGE_STANDARD = gnu11;
				GCC_NO_COMMON_BLOCKS = YES;
				GCC_WARN_64_TO_32_BIT_CONVERSION = YES;
				GCC_WARN_ABOUT_RETURN_TYPE = YES_ERROR;
				GCC_WARN_UNDECLARED_SELECTOR = YES;
				GCC_WARN_UNINITIALIZED_AUTOS = YES_AGGRESSIVE;
				GCC_WARN_UNUSED_FUNCTION = YES;
				GCC_WARN_UNUSED_VARIABLE = YES;
				IPHONEOS_DEPLOYMENT_TARGET = 16.4;
				MTL_ENABLE_DEBUG_INFO = NO;
				MTL_FAST_MATH = YES;
				SDKROOT = iphoneos;
				SWIFT_COMPILATION_MODE = wholemodule;
				SWIFT_OPTIMIZATION_LEVEL = "-O";
				VALIDATE_PRODUCT = YES;
			};
			name = Release;
		};
		C78C03B92A0536D600ABECA0 /* Debug */ = {
			isa = XCBuildConfiguration;
			buildSettings = {
				ASSETCATALOG_COMPILER_APPICON_NAME = AppIcon;
				ASSETCATALOG_COMPILER_GLOBAL_ACCENT_COLOR_NAME = AccentColor;
				CODE_SIGN_STYLE = Automatic;
				CURRENT_PROJECT_VERSION = 1;
				DEVELOPMENT_ASSET_PATHS = "\"MyPlate/Preview Content\"";
				ENABLE_PREVIEWS = YES;
				GENERATE_INFOPLIST_FILE = YES;
				INFOPLIST_KEY_UIApplicationSceneManifest_Generation = YES;
				INFOPLIST_KEY_UIApplicationSupportsIndirectInputEvents = YES;
				INFOPLIST_KEY_UILaunchScreen_Generation = YES;
				INFOPLIST_KEY_UILaunchStoryboardName = "Launch Screen.storyboard";
				INFOPLIST_KEY_UISupportedInterfaceOrientations_iPad = "UIInterfaceOrientationPortrait UIInterfaceOrientationPortraitUpsideDown UIInterfaceOrientationLandscapeLeft UIInterfaceOrientationLandscapeRight";
				INFOPLIST_KEY_UISupportedInterfaceOrientations_iPhone = "UIInterfaceOrientationPortrait UIInterfaceOrientationLandscapeLeft UIInterfaceOrientationLandscapeRight";
				LD_RUNPATH_SEARCH_PATHS = (
					"$(inherited)",
					"@executable_path/Frameworks",
				);
				MARKETING_VERSION = 1.0;
				PRODUCT_BUNDLE_IDENTIFIER = com.sample.MyPlate;
				PRODUCT_NAME = "$(TARGET_NAME)";
				SWIFT_EMIT_LOC_STRINGS = YES;
				SWIFT_VERSION = 5.0;
				TARGETED_DEVICE_FAMILY = "1,2";
			};
			name = Debug;
		};
		C78C03BA2A0536D600ABECA0 /* Release */ = {
			isa = XCBuildConfiguration;
			buildSettings = {
				ASSETCATALOG_COMPILER_APPICON_NAME = AppIcon;
				ASSETCATALOG_COMPILER_GLOBAL_ACCENT_COLOR_NAME = AccentColor;
				CODE_SIGN_STYLE = Automatic;
				CURRENT_PROJECT_VERSION = 1;
				DEVELOPMENT_ASSET_PATHS = "\"MyPlate/Preview Content\"";
				ENABLE_PREVIEWS = YES;
				GENERATE_INFOPLIST_FILE = YES;
				INFOPLIST_KEY_UIApplicationSceneManifest_Generation = YES;
				INFOPLIST_KEY_UIApplicationSupportsIndirectInputEvents = YES;
				INFOPLIST_KEY_UILaunchScreen_Generation = YES;
				INFOPLIST_KEY_UILaunchStoryboardName = "Launch Screen.storyboard";
				INFOPLIST_KEY_UISupportedInterfaceOrientations_iPad = "UIInterfaceOrientationPortrait UIInterfaceOrientationPortraitUpsideDown UIInterfaceOrientationLandscapeLeft UIInterfaceOrientationLandscapeRight";
				INFOPLIST_KEY_UISupportedInterfaceOrientations_iPhone = "UIInterfaceOrientationPortrait UIInterfaceOrientationLandscapeLeft UIInterfaceOrientationLandscapeRight";
				LD_RUNPATH_SEARCH_PATHS = (
					"$(inherited)",
					"@executable_path/Frameworks",
				);
				MARKETING_VERSION = 1.0;
				PRODUCT_BUNDLE_IDENTIFIER = com.sample.MyPlate;
				PRODUCT_NAME = "$(TARGET_NAME)";
				SWIFT_EMIT_LOC_STRINGS = YES;
				SWIFT_VERSION = 5.0;
				TARGETED_DEVICE_FAMILY = "1,2";
			};
			name = Release;
		};
/* End XCBuildConfiguration section */

/* Begin XCConfigurationList section */
		C78C03A52A0536D300ABECA0 /* Build configuration list for PBXProject "MyPlate" */ = {
			isa = XCConfigurationList;
			buildConfigurations = (
				C78C03B62A0536D600ABECA0 /* Debug */,
				C78C03B72A0536D600ABECA0 /* Release */,
			);
			defaultConfigurationIsVisible = 0;
			defaultConfigurationName = Release;
		};
		C78C03B82A0536D600ABECA0 /* Build configuration list for PBXNativeTarget "MyPlate" */ = {
			isa = XCConfigurationList;
			buildConfigurations = (
				C78C03B92A0536D600ABECA0 /* Debug */,
				C78C03BA2A0536D600ABECA0 /* Release */,
			);
			defaultConfigurationIsVisible = 0;
			defaultConfigurationName = Release;
		};
/* End XCConfigurationList section */
	};
	rootObject = C78C03A22A0536D300ABECA0 /* Project object */;
}
